
Microsoft Visual Studio Solution File, Format Version 12.00
# Visual Studio 2012
Project("{FAE04EC0-301F-11D3-BF4B-00C04F79EFBC}") = "20170927Win_MaasHesabla", "20170927Win_MaasHesabla\20170927Win_MaasHesabla.csproj", "{FD1F81CA-26C8-4394-B2E2-A7E715DBD230}"
EndProject
Global
	GlobalSection(SolutionConfigurationPlatforms) = preSolution
		Debug|Any CPU = Debug|Any CPU
		Release|Any CPU = Release|Any CPU
	EndGlobalSection
	GlobalSection(ProjectConfigurationPlatforms) = postSolution
		{FD1F81CA-26C8-4394-B2E2-A7E715DBD230}.Debug|Any CPU.ActiveCfg = Debug|Any CPU
		{FD1F81CA-26C8-4394-B2E2-A7E715DBD230}.Debug|Any CPU.Build.0 = Debug|Any CPU
		{FD1F81CA-26C8-4394-B2E2-A7E715DBD230}.Release|Any CPU.ActiveCfg = Release|Any CPU
		{FD1F81CA-26C8-4394-B2E2-A7E715DBD230}.Release|Any CPU.Build.0 = Release|Any CPU
	EndGlobalSection
	GlobalSection(SolutionProperties) = preSolution
		HideSolutionNode = FALSE
	EndGlobalSection
EndGlobal
